
Microsoft Visual Studio Solution File, Format Version 11.00
# Visual Studio 2010
Project("{FAE04EC0-301F-11D3-BF4B-00C04F79EFBC}") = "ViewerIntegration", "ViewerIntegration.csproj", "{4006620C-9043-43C7-9250-D09A0FD102B8}"
EndProject
Project("{FAE04EC0-301F-11D3-BF4B-00C04F79EFBC}") = "ClearCanvas.Common", "..\..\clearcanvas-tests\Common\ClearCanvas.Common.csproj", "{F6EAD428-E6CF-4DF6-B2F3-D33D532C5343}"
EndProject
Project("{FAE04EC0-301F-11D3-BF4B-00C04F79EFBC}") = "ClearCanvas.Dicom", "..\..\clearcanvas-tests\Dicom\ClearCanvas.Dicom.csproj", "{AD9ECE2B-8268-4115-8DC8-860FBD011FFF}"
EndProject
Global
	GlobalSection(SolutionConfigurationPlatforms) = preSolution
		Debug|Any CPU = Debug|Any CPU
		Debug|Mixed Platforms = Debug|Mixed Platforms
		Debug|x86 = Debug|x86
		Release|Any CPU = Release|Any CPU
		Release|Mixed Platforms = Release|Mixed Platforms
		Release|x86 = Release|x86
		UNIT_TESTS_USAGE_TRACKING|Any CPU = UNIT_TESTS_USAGE_TRACKING|Any CPU
		UNIT_TESTS_USAGE_TRACKING|Mixed Platforms = UNIT_TESTS_USAGE_TRACKING|Mixed Platforms
		UNIT_TESTS_USAGE_TRACKING|x86 = UNIT_TESTS_USAGE_TRACKING|x86
	EndGlobalSection
	GlobalSection(ProjectConfigurationPlatforms) = postSolution
		{4006620C-9043-43C7-9250-D09A0FD102B8}.Debug|Any CPU.ActiveCfg = Debug|x86
		{4006620C-9043-43C7-9250-D09A0FD102B8}.Debug|Mixed Platforms.ActiveCfg = Debug|x86
		{4006620C-9043-43C7-9250-D09A0FD102B8}.Debug|Mixed Platforms.Build.0 = Debug|x86
		{4006620C-9043-43C7-9250-D09A0FD102B8}.Debug|x86.ActiveCfg = Debug|x86
		{4006620C-9043-43C7-9250-D09A0FD102B8}.Debug|x86.Build.0 = Debug|x86
		{4006620C-9043-43C7-9250-D09A0FD102B8}.Release|Any CPU.ActiveCfg = Release|x86
		{4006620C-9043-43C7-9250-D09A0FD102B8}.Release|Mixed Platforms.ActiveCfg = Release|x86
		{4006620C-9043-43C7-9250-D09A0FD102B8}.Release|Mixed Platforms.Build.0 = Release|x86
		{4006620C-9043-43C7-9250-D09A0FD102B8}.Release|x86.ActiveCfg = Release|x86
		{4006620C-9043-43C7-9250-D09A0FD102B8}.Release|x86.Build.0 = Release|x86
		{4006620C-9043-43C7-9250-D09A0FD102B8}.UNIT_TESTS_USAGE_TRACKING|Any CPU.ActiveCfg = Release|x86
		{4006620C-9043-43C7-9250-D09A0FD102B8}.UNIT_TESTS_USAGE_TRACKING|Mixed Platforms.ActiveCfg = Release|x86
		{4006620C-9043-43C7-9250-D09A0FD102B8}.UNIT_TESTS_USAGE_TRACKING|Mixed Platforms.Build.0 = Release|x86
		{4006620C-9043-43C7-9250-D09A0FD102B8}.UNIT_TESTS_USAGE_TRACKING|x86.ActiveCfg = Release|x86
		{4006620C-9043-43C7-9250-D09A0FD102B8}.UNIT_TESTS_USAGE_TRACKING|x86.Build.0 = Release|x86
		{F6EAD428-E6CF-4DF6-B2F3-D33D532C5343}.Debug|Any CPU.ActiveCfg = Debug|Any CPU
		{F6EAD428-E6CF-4DF6-B2F3-D33D532C5343}.Debug|Any CPU.Build.0 = Debug|Any CPU
		{F6EAD428-E6CF-4DF6-B2F3-D33D532C5343}.Debug|Mixed Platforms.ActiveCfg = Debug|Any CPU
		{F6EAD428-E6CF-4DF6-B2F3-D33D532C5343}.Debug|Mixed Platforms.Build.0 = Debug|Any CPU
		{F6EAD428-E6CF-4DF6-B2F3-D33D532C5343}.Debug|x86.ActiveCfg = Debug|Any CPU
		{F6EAD428-E6CF-4DF6-B2F3-D33D532C5343}.Release|Any CPU.ActiveCfg = Release|Any CPU
		{F6EAD428-E6CF-4DF6-B2F3-D33D532C5343}.Release|Any CPU.Build.0 = Release|Any CPU
		{F6EAD428-E6CF-4DF6-B2F3-D33D532C5343}.Release|Mixed Platforms.ActiveCfg = Release|Any CPU
		{F6EAD428-E6CF-4DF6-B2F3-D33D532C5343}.Release|Mixed Platforms.Build.0 = Release|Any CPU
		{F6EAD428-E6CF-4DF6-B2F3-D33D532C5343}.Release|x86.ActiveCfg = Release|Any CPU
		{F6EAD428-E6CF-4DF6-B2F3-D33D532C5343}.UNIT_TESTS_USAGE_TRACKING|Any CPU.ActiveCfg = UNIT_TESTS_USAGE_TRACKING|Any CPU
		{F6EAD428-E6CF-4DF6-B2F3-D33D532C5343}.UNIT_TESTS_USAGE_TRACKING|Any CPU.Build.0 = UNIT_TESTS_USAGE_TRACKING|Any CPU
		{F6EAD428-E6CF-4DF6-B2F3-D33D532C5343}.UNIT_TESTS_USAGE_TRACKING|Mixed Platforms.ActiveCfg = UNIT_TESTS_USAGE_TRACKING|Any CPU
		{F6EAD428-E6CF-4DF6-B2F3-D33D532C5343}.UNIT_TESTS_USAGE_TRACKING|Mixed Platforms.Build.0 = UNIT_TESTS_USAGE_TRACKING|Any CPU
		{F6EAD428-E6CF-4DF6-B2F3-D33D532C5343}.UNIT_TESTS_USAGE_TRACKING|x86.ActiveCfg = UNIT_TESTS_USAGE_TRACKING|Any CPU
		{AD9ECE2B-8268-4115-8DC8-860FBD011FFF}.Debug|Any CPU.ActiveCfg = Debug|Any CPU
		{AD9ECE2B-8268-4115-8DC8-860FBD011FFF}.Debug|Any CPU.Build.0 = Debug|Any CPU
		{AD9ECE2B-8268-4115-8DC8-860FBD011FFF}.Debug|Mixed Platforms.ActiveCfg = Debug|Any CPU
		{AD9ECE2B-8268-4115-8DC8-860FBD011FFF}.Debug|Mixed Platforms.Build.0 = Debug|Any CPU
		{AD9ECE2B-8268-4115-8DC8-860FBD011FFF}.Debug|x86.ActiveCfg = Debug|Any CPU
		{AD9ECE2B-8268-4115-8DC8-860FBD011FFF}.Release|Any CPU.ActiveCfg = Release|Any CPU
		{AD9ECE2B-8268-4115-8DC8-860FBD011FFF}.Release|Any CPU.Build.0 = Release|Any CPU
		{AD9ECE2B-8268-4115-8DC8-860FBD011FFF}.Release|Mixed Platforms.ActiveCfg = Release|Any CPU
		{AD9ECE2B-8268-4115-8DC8-860FBD011FFF}.Release|Mixed Platforms.Build.0 = Release|Any CPU
		{AD9ECE2B-8268-4115-8DC8-860FBD011FFF}.Release|x86.ActiveCfg = Release|Any CPU
		{AD9ECE2B-8268-4115-8DC8-860FBD011FFF}.UNIT_TESTS_USAGE_TRACKING|Any CPU.ActiveCfg = Release|Any CPU
		{AD9ECE2B-8268-4115-8DC8-860FBD011FFF}.UNIT_TESTS_USAGE_TRACKING|Any CPU.Build.0 = Release|Any CPU
		{AD9ECE2B-8268-4115-8DC8-860FBD011FFF}.UNIT_TESTS_USAGE_TRACKING|Mixed Platforms.ActiveCfg = Release|Any CPU
		{AD9ECE2B-8268-4115-8DC8-860FBD011FFF}.UNIT_TESTS_USAGE_TRACKING|Mixed Platforms.Build.0 = Release|Any CPU
		{AD9ECE2B-8268-4115-8DC8-860FBD011FFF}.UNIT_TESTS_USAGE_TRACKING|x86.ActiveCfg = Release|Any CPU
	EndGlobalSection
	GlobalSection(SolutionProperties) = preSolution
		HideSolutionNode = FALSE
	EndGlobalSection
EndGlobal
